{
  "version": "2",
  "remote": {
    "https://deno.land/std@0.140.0/_util/assert.ts": "e94f2eb37cebd7f199952e242c77654e43333c1ac4c5c700e929ea3aa5489f74",
    "https://deno.land/std@0.140.0/_util/os.ts": "3b4c6e27febd119d36a416d7a97bd3b0251b77c88942c8f16ee5953ea13e2e49",
    "https://deno.land/std@0.140.0/fs/_util.ts": "0fb24eb4bfebc2c194fb1afdb42b9c3dda12e368f43e8f2321f84fc77d42cb0f",
    "https://deno.land/std@0.140.0/fs/ensure_dir.ts": "9dc109c27df4098b9fc12d949612ae5c9c7169507660dcf9ad90631833209d9d",
    "https://deno.land/std@0.140.0/fs/expand_glob.ts": "0c10130d67c9b02164b03df8e43c6d6defbf8e395cb69d09e84a8586e6d72ac3",
    "https://deno.land/std@0.140.0/fs/walk.ts": "117403ccd21fd322febe56ba06053b1ad5064c802170f19b1ea43214088fe95f",
    "https://deno.land/std@0.140.0/path/_constants.ts": "df1db3ffa6dd6d1252cc9617e5d72165cd2483df90e93833e13580687b6083c3",
    "https://deno.land/std@0.140.0/path/_interface.ts": "ee3b431a336b80cf445441109d089b70d87d5e248f4f90ff906820889ecf8d09",
    "https://deno.land/std@0.140.0/path/_util.ts": "c1e9686d0164e29f7d880b2158971d805b6e0efc3110d0b3e24e4b8af2190d2b",
    "https://deno.land/std@0.140.0/path/common.ts": "bee563630abd2d97f99d83c96c2fa0cca7cee103e8cb4e7699ec4d5db7bd2633",
    "https://deno.land/std@0.140.0/path/glob.ts": "cb5255638de1048973c3e69e420c77dc04f75755524cb3b2e160fe9277d939ee",
    "https://deno.land/std@0.140.0/path/mod.ts": "d3e68d0abb393fb0bf94a6d07c46ec31dc755b544b13144dee931d8d5f06a52d",
    "https://deno.land/std@0.140.0/path/posix.ts": "293cdaec3ecccec0a9cc2b534302dfe308adb6f10861fa183275d6695faace44",
    "https://deno.land/std@0.140.0/path/separator.ts": "fe1816cb765a8068afb3e8f13ad272351c85cbc739af56dacfc7d93d710fe0f9",
    "https://deno.land/std@0.140.0/path/win32.ts": "31811536855e19ba37a999cd8d1b62078235548d67902ece4aa6b814596dd757",
    "https://deno.land/std@0.150.0/_util/assert.ts": "e94f2eb37cebd7f199952e242c77654e43333c1ac4c5c700e929ea3aa5489f74",
    "https://deno.land/std@0.150.0/_util/os.ts": "3b4c6e27febd119d36a416d7a97bd3b0251b77c88942c8f16ee5953ea13e2e49",
    "https://deno.land/std@0.150.0/async/abortable.ts": "87aa7230be8360c24ad437212311c9e8d4328854baec27b4c7abb26e85515c06",
    "https://deno.land/std@0.150.0/async/deadline.ts": "48ac998d7564969f3e6ec6b6f9bf0217ebd00239b1b2292feba61272d5dd58d0",
    "https://deno.land/std@0.150.0/async/debounce.ts": "564273ef242bcfcda19a439132f940db8694173abffc159ea34f07d18fc42620",
    "https://deno.land/std@0.150.0/async/deferred.ts": "bc18e28108252c9f67dfca2bbc4587c3cbf3aeb6e155f8c864ca8ecff992b98a",
    "https://deno.land/std@0.150.0/async/delay.ts": "cbbdf1c87d1aed8edc7bae13592fb3e27e3106e0748f089c263390d4f49e5f6c",
    "https://deno.land/std@0.150.0/async/mod.ts": "9852cd8ed897ab2d41a8fbee611d574e97898327db5c19d9d58e41126473f02c",
    "https://deno.land/std@0.150.0/async/mux_async_iterator.ts": "5b4aca6781ad0f2e19ccdf1d1a1c092ccd3e00d52050d9c27c772658c8367256",
    "https://deno.land/std@0.150.0/async/pool.ts": "ef9eb97b388543acbf0ac32647121e4dbe629236899586c4d4311a8770fbb239",
    "https://deno.land/std@0.150.0/async/tee.ts": "bcfae0017ebb718cf4eef9e2420e8675d91cb1bcc0ed9b668681af6e6caad846",
    "https://deno.land/std@0.150.0/flags/mod.ts": "594472736e24b2f2afd3451cf7ccd58a21706ce91006478a544fdfa056c69697",
    "https://deno.land/std@0.150.0/fs/_util.ts": "2cf50bfb1081c2d5f2efec10ac19abbc2baf478e51cd1b057d0da2f30585b6ba",
    "https://deno.land/std@0.150.0/fs/walk.ts": "6ce8d87fbaeda23383e979599ad27f3f94b3e5ff0c0cd976b5fc5c2aa0df7d92",
    "https://deno.land/std@0.150.0/http/http_status.ts": "897575a7d6bc2b9123f6a38ecbc0f03d95a532c5d92029315dc9f508e12526b8",
    "https://deno.land/std@0.150.0/http/server.ts": "0b0a9f3abfcfecead944b31ee9098a0c11a59b0495bf873ee200eb80e7441483",
    "https://deno.land/std@0.150.0/media_types/_util.ts": "ce9b4fc4ba1c447dafab619055e20fd88236ca6bdd7834a21f98bd193c3fbfa1",
    "https://deno.land/std@0.150.0/media_types/mod.ts": "2d4b6f32a087029272dc59e0a55ae3cc4d1b27b794ccf528e94b1925795b3118",
    "https://deno.land/std@0.150.0/media_types/vendor/mime-db.v1.52.0.ts": "724cee25fa40f1a52d3937d6b4fbbfdd7791ff55e1b7ac08d9319d5632c7f5af",
    "https://deno.land/std@0.150.0/path/_constants.ts": "df1db3ffa6dd6d1252cc9617e5d72165cd2483df90e93833e13580687b6083c3",
    "https://deno.land/std@0.150.0/path/_interface.ts": "ee3b431a336b80cf445441109d089b70d87d5e248f4f90ff906820889ecf8d09",
    "https://deno.land/std@0.150.0/path/_util.ts": "c1e9686d0164e29f7d880b2158971d805b6e0efc3110d0b3e24e4b8af2190d2b",
    "https://deno.land/std@0.150.0/path/common.ts": "bee563630abd2d97f99d83c96c2fa0cca7cee103e8cb4e7699ec4d5db7bd2633",
    "https://deno.land/std@0.150.0/path/glob.ts": "cb5255638de1048973c3e69e420c77dc04f75755524cb3b2e160fe9277d939ee",
    "https://deno.land/std@0.150.0/path/mod.ts": "4945b430b759b0b3d98f2a278542cbcf95e0ad2bd8eaaed3c67322b306b2b346",
    "https://deno.land/std@0.150.0/path/posix.ts": "c1f7afe274290ea0b51da07ee205653b2964bd74909a82deb07b69a6cc383aaa",
    "https://deno.land/std@0.150.0/path/separator.ts": "fe1816cb765a8068afb3e8f13ad272351c85cbc739af56dacfc7d93d710fe0f9",
    "https://deno.land/std@0.150.0/path/win32.ts": "bd7549042e37879c68ff2f8576a25950abbfca1d696d41d82c7bca0b7e6f452c",
    "https://deno.land/std@0.150.0/semver/mod.ts": "4a5195fa81b4aede8875a386550a1119f01fb58d74aea899b2cfb136c05a7310",
    "https://deno.land/std@0.152.0/async/abortable.ts": "87aa7230be8360c24ad437212311c9e8d4328854baec27b4c7abb26e85515c06",
    "https://deno.land/std@0.152.0/async/deadline.ts": "48ac998d7564969f3e6ec6b6f9bf0217ebd00239b1b2292feba61272d5dd58d0",
    "https://deno.land/std@0.152.0/async/debounce.ts": "564273ef242bcfcda19a439132f940db8694173abffc159ea34f07d18fc42620",
    "https://deno.land/std@0.152.0/async/deferred.ts": "bc18e28108252c9f67dfca2bbc4587c3cbf3aeb6e155f8c864ca8ecff992b98a",
    "https://deno.land/std@0.152.0/async/delay.ts": "cbbdf1c87d1aed8edc7bae13592fb3e27e3106e0748f089c263390d4f49e5f6c",
    "https://deno.land/std@0.152.0/async/mod.ts": "dd0a8ed4f3984ffabe2fcca7c9f466b7932d57b1864ffee148a5d5388316db6b",
    "https://deno.land/std@0.152.0/async/mux_async_iterator.ts": "5b4aca6781ad0f2e19ccdf1d1a1c092ccd3e00d52050d9c27c772658c8367256",
    "https://deno.land/std@0.152.0/async/pool.ts": "ef9eb97b388543acbf0ac32647121e4dbe629236899586c4d4311a8770fbb239",
    "https://deno.land/std@0.152.0/async/tee.ts": "bcfae0017ebb718cf4eef9e2420e8675d91cb1bcc0ed9b668681af6e6caad846",
    "https://deno.land/std@0.152.0/http/server.ts": "0b0a9f3abfcfecead944b31ee9098a0c11a59b0495bf873ee200eb80e7441483",
    "https://deno.land/x/code_block_writer@11.0.3/mod.ts": "2c3448060e47c9d08604c8f40dee34343f553f33edcdfebbf648442be33205e5",
    "https://deno.land/x/code_block_writer@11.0.3/utils/string_utils.ts": "60cb4ec8bd335bf241ef785ccec51e809d576ff8e8d29da43d2273b69ce2a6ff",
    "https://deno.land/x/denoflate@1.2.1/mod.ts": "f5628e44b80b3d80ed525afa2ba0f12408e3849db817d47a883b801f9ce69dd6",
    "https://deno.land/x/denoflate@1.2.1/pkg/denoflate.js": "b9f9ad9457d3f12f28b1fb35c555f57443427f74decb403113d67364e4f2caf4",
    "https://deno.land/x/denoflate@1.2.1/pkg/denoflate_bg.wasm.js": "d581956245407a2115a3d7e8d85a9641c032940a8e810acbd59ca86afd34d44d",
    "https://deno.land/x/esbuild@v0.14.51/mod.d.ts": "c142324d0383c39de0d7660cd207a7f7f52c7198a13d7d3281c0d636a070f441",
    "https://deno.land/x/esbuild@v0.14.51/mod.js": "7432566c71fac77637822dc230319c7392a2d2fef51204c9d12c956d7093c279",
    "https://deno.land/x/esbuild@v0.14.51/wasm.d.ts": "c142324d0383c39de0d7660cd207a7f7f52c7198a13d7d3281c0d636a070f441",
    "https://deno.land/x/esbuild@v0.14.51/wasm.js": "afc1b6927543b664af60ce452c4929e5dc2bb9a0f4ed47b446a6431847c7598e",
    "https://deno.land/x/esbuild_deno_loader@0.5.2/deps.ts": "bf83c27b7787b2f245fa0bc0b99f5041aa949c000a81c016cfe828d06b476d37",
    "https://deno.land/x/esbuild_deno_loader@0.5.2/mod.ts": "bc111a68f323dbdb6edec68dd558ab732b27866d2ef304708872d763387b65d7",
    "https://deno.land/x/esbuild_deno_loader@0.5.2/src/deno.ts": "0e83ccabbe2b004389288e38df2031b79eb347df2d139fce9394d8e88a11f259",
    "https://deno.land/x/esbuild_deno_loader@0.5.2/src/native_loader.ts": "343854a566cf510cf25144f7c09fc0c1097780a31830305142a075d12bb697ba",
    "https://deno.land/x/esbuild_deno_loader@0.5.2/src/portable_loader.ts": "35b6c526eed8c2c781a3256b23c30aa7cce69c0ef1d583c15528663287ba18a3",
    "https://deno.land/x/esbuild_deno_loader@0.5.2/src/shared.ts": "b64749cd8c0f6252a11498bd8758ef1220003e46b2c9b68e16da63fd7e92b13a",
    "https://deno.land/x/fresh@1.1.2/dev.ts": "a66c7d64be35bcd6a8e12eec9c27ae335044c70363a241f2e36ee776db468622",
    "https://deno.land/x/fresh@1.1.2/plugins/twind.ts": "c0570d6010e29ba24ee5f43b9d3f1fe735f7fac76d9a3e680c9896373d669876",
    "https://deno.land/x/fresh@1.1.2/plugins/twind/shared.ts": "023e0ffcd66668753b5049edab0de46e6d66194fb6026c679034b9bbf04ad6f3",
    "https://deno.land/x/fresh@1.1.2/runtime.ts": "b02ec1e2e32cf73a33d262b7c9dcab9468ce16cd89fd424196c71003698a4ab0",
    "https://deno.land/x/fresh@1.1.2/server.ts": "f379c9aad24471a71e58fb887fa57e5cc27ad9df035987eb260541c78df38e84",
    "https://deno.land/x/fresh@1.1.2/src/dev/deps.ts": "de5470828c17839c0b52c328e6709f3477740b9800deaf724d6569b64b1d3872",
    "https://deno.land/x/fresh@1.1.2/src/dev/error.ts": "21a38d240c00279662e6adde41367f1da0ae7e2836d993f818ea94aabab53e7b",
    "https://deno.land/x/fresh@1.1.2/src/dev/mod.ts": "f5836b2eccd0efd7c0a726a121f174a974daefc22058f759f07d4df56c46e978",
    "https://deno.land/x/fresh@1.1.2/src/runtime/csp.ts": "9ee900e9b0b786057b1009da5976298c202d1b86d1f1e4d2510bde5f06530ac9",
    "https://deno.land/x/fresh@1.1.2/src/runtime/head.ts": "0f9932874497ab6e57ed1ba01d549e843523df4a5d36ef97460e7a43e3132fdc",
    "https://deno.land/x/fresh@1.1.2/src/runtime/utils.ts": "8320a874a44bdd5905c7d4b87a0e7a14a6c50a2ed133800e72ae57341e4d4faa",
    "https://deno.land/x/fresh@1.1.2/src/server/bundle.ts": "f529a54ea5e078b9bd94c64c2ad345a3ba763b39c25b6e61f90629bdfa39c2ff",
    "https://deno.land/x/fresh@1.1.2/src/server/constants.ts": "ad10dda1bc20c25c2926f6a8cfd79ef4368d70b4b03a645f65c04b3fa7d93a8c",
    "https://deno.land/x/fresh@1.1.2/src/server/context.ts": "b385b982de2e5ee6e543dd56aad0e88f8f8fe5d9497909cf16caaf23b4d88b62",
    "https://deno.land/x/fresh@1.1.2/src/server/default_error_page.ts": "1155ac98b3729bf2e51be730af507e431db0ee43ac84c86f1c022a831b310106",
    "https://deno.land/x/fresh@1.1.2/src/server/deps.ts": "1c4e05b7d6e4eecc0012c9ec30ee587d8f533ab67c2bcb59048ed5f76841a770",
    "https://deno.land/x/fresh@1.1.2/src/server/htmlescape.ts": "834ac7d0caa9fc38dffd9b8613fb47aeecd4f22d5d70c51d4b20a310c085835c",
    "https://deno.land/x/fresh@1.1.2/src/server/mod.ts": "72d213444334dd2e94c757a0eee0fc486c0919399ea9184d07ad042f34edd00d",
    "https://deno.land/x/fresh@1.1.2/src/server/render.ts": "6f50707bd1f6e33ed84bb71ae3b0996d202b953cefc4285f5356524c7b21f01f",
    "https://deno.land/x/fresh@1.1.2/src/server/types.ts": "dde992ab4ee635df71a7fc96fe4cd85943c1a9286ea8eb586563d5f5ca154955",
    "https://deno.land/x/importmap@0.2.1/_util.ts": "ada9a9618b537e6c0316c048a898352396c882b9f2de38aba18fd3f2950ede89",
    "https://deno.land/x/importmap@0.2.1/mod.ts": "ae3d1cd7eabd18c01a4960d57db471126b020f23b37ef14e1359bbb949227ade",
    "https://deno.land/x/rutt@0.0.13/mod.ts": "af981cfb95131152bf50fc9140fc00cb3efb6563df2eded1d408361d8577df20",
    "https://deno.land/x/ts_morph@16.0.0/common/DenoRuntime.ts": "537800e840d0994f9055164e11bf33eadf96419246af0d3c453793c3ae67bdb3",
    "https://deno.land/x/ts_morph@16.0.0/common/mod.ts": "01985d2ee7da8d1caee318a9d07664774fbee4e31602bc2bb6bb62c3489555ed",
    "https://deno.land/x/ts_morph@16.0.0/common/ts_morph_common.d.ts": "39f2ddefd4995e4344236c44c2bf296069149f45ef6f00440b56e7b32cb2b3bd",
    "https://deno.land/x/ts_morph@16.0.0/common/ts_morph_common.js": "7d908bf4f416aa96de956dc11ecc83b585bed297e16418d496ca04a3481067e0",
    "https://deno.land/x/ts_morph@16.0.0/common/typescript.d.ts": "df7dd83543f14081ca74918d5a80ff60f634f465746cf2aff8924b28bcc3b152",
    "https://deno.land/x/ts_morph@16.0.0/common/typescript.js": "5c59651248a4c41b25fa7beee8e0d0d0fab5f439fa72d478e65abd8241aa533c",
    "https://deno.land/x/ts_morph@16.0.0/mod.ts": "adba9b82f24865d15d2c78ef6074b9a7457011719056c9928c800f130a617c93",
    "https://deno.land/x/ts_morph@16.0.0/ts_morph.d.ts": "38668b0e3780282a56a805425494490b0045d1928bd040c47a94095749dab8c3",
    "https://deno.land/x/ts_morph@16.0.0/ts_morph.js": "9fc0f3d6a3997c2df023fabc4e529d2117d214ffd4fd04247ca2f56c4e9cd470",
    "https://esm.sh/*preact-render-to-string@5.2.4": "0a65784d053ac491a6d2397ad38c14d2fa172240734b374d354fe38a74be873d",
    "https://esm.sh/preact@10.11.0": "e888b244446037c56f1881173fb51d1f5fa7aae5599e6c5154619346a6a5094e",
    "https://esm.sh/preact@10.11.0/hooks": "2b8ec155eb8b87501663f074acff1d55a9114fa7d88f0b39da06c940af1ff736",
    "https://esm.sh/preact@10.11.0/jsx-runtime": "5c123264f19799ab243211132dded45f6d42d594b5c78dd585f947d07bf20eae",
    "https://esm.sh/stable/preact@10.11.0/deno/hooks.js": "48b7674c1f0c2a0f8a0f758b786f5bc15ba0f7a4f3a356ecc783848f1e4a1c55",
    "https://esm.sh/stable/preact@10.11.0/deno/jsx-runtime.js": "b5a8e96758c20b5dea05802c6f6962b8a95bfdbd476eb4ea51cf3234f6e09271",
    "https://esm.sh/stable/preact@10.11.0/deno/preact.js": "071b515099e5dff2fe56768be62644e32fab702b194171357ccc4d7d1210144a",
    "https://esm.sh/twind@0.16.17": "18d47be2022b148a89572378cf12a6e9b2fed041a0b11129c64af1b4186af0a2",
    "https://esm.sh/twind@0.16.17/": "18d47be2022b148a89572378cf12a6e9b2fed041a0b11129c64af1b4186af0a2",
    "https://esm.sh/twind@0.16.17/css": "c5f0a380e6c1413ed9cef09b2b30bf726ae493d42aceb653c9cdf3909ac1b592",
    "https://esm.sh/twind@0.16.17/sheets": "9da51c2715b8f78e3fc8cbc89183d10ca64e31d95f1fcacc333236c190454103",
    "https://esm.sh/v99/csstype@3.1.1/index.d.ts": "1c29793071152b207c01ea1954e343be9a44d85234447b2b236acae9e709a383",
    "https://esm.sh/v99/preact-render-to-string@5.2.4/X-ZS8q/deno/preact-render-to-string.js": "75aad97b00d5ad63383de7f729a3f1fea59e69a9b876db5551d9c746ed372f82",
    "https://esm.sh/v99/preact-render-to-string@5.2.4/X-ZS8q/src/index.d.ts": "b1d73703252c8570fdf2952475805f5808ba3511fefbd93a3e7bd8406de7dcd0",
    "https://esm.sh/v99/preact@10.11.0/hooks/src/index.d.ts": "5c29febb624fc25d71cb0e125848c9b711e233337a08f7eacfade38fd4c14cc3",
    "https://esm.sh/v99/preact@10.11.0/jsx-runtime/src/index.d.ts": "e153460ed2b3fe2ad8b93696ecd48fbf73cd628b0b0ea6692b71804a3af69dfd",
    "https://esm.sh/v99/preact@10.11.0/src/index.d.ts": "1a5c331227be54be6515b0c92a469d352834fa413963ae84a39a05a3177111f6",
    "https://esm.sh/v99/preact@10.11.0/src/jsx.d.ts": "c423715fd7992b2e1446fea11d2d04e8adbd66c1edca1ce5e85f90e0d26a2eb2",
    "https://esm.sh/v99/style-vendorizer@2.2.3/deno/style-vendorizer.js": "bacdb96f034bbdae11a8d90427a6d49270d28d5939f02dbf0e7d0e52491ff9e3",
    "https://esm.sh/v99/twind@0.16.17/css/css.d.ts": "ad72dde9ee7237421d3fb65cde2e9b7a9be8f745093795574e2be7ab94e0d713",
    "https://esm.sh/v99/twind@0.16.17/deno/css.js": "9fcc029d8b626bb9df8de248add6568358c041fd8d41a8c8971a7ff0fd7ae28c",
    "https://esm.sh/v99/twind@0.16.17/deno/sheets.js": "f75586c3a778278f99ca9e6761e8c8a2089c66d6a503bb25e3bba38597fe1e30",
    "https://esm.sh/v99/twind@0.16.17/deno/twind.js": "8fec4504ce1bb9a4876b4420826e6c3c49e68493f2723483aad09ea240aa0850",
    "https://esm.sh/v99/twind@0.16.17/sheets/sheets.d.ts": "795aa19124fe8a61cf0f3833aac4d30c63273ca049bd91f010565c9e1c9225a3",
    "https://esm.sh/v99/twind@0.16.17/twind.d.ts": "168e8aeafcf13cfa02fbdd6fd2c1cc374784af6ddbf3c0e07db0b4199c4bf5f6"
  },
  "npm": {
    "specifiers": {
      "daisyui": "daisyui@2.42.1_postcss@8.4.19",
      "simplemde": "simplemde@1.11.2"
    },
    "packages": {
      "@nodelib/fs.scandir@2.1.5": {
        "integrity": "sha512-vq24Bq3ym5HEQm2NKCr3yXDwjc7vTsEThRDnkp2DK9p1uqLR+DHurm/NOTo0KG7HYHU7eppKZj3MyqYuMBf62g==",
        "dependencies": {
          "@nodelib/fs.stat": "@nodelib/fs.stat@2.0.5",
          "run-parallel": "run-parallel@1.2.0"
        }
      },
      "@nodelib/fs.stat@2.0.5": {
        "integrity": "sha512-RkhPPp2zrqDAQA/2jNhnztcPAlv64XdhIp7a7454A5ovI7Bukxgt7MX7udwAu3zg1DcpPU0rz3VV1SeaqvY4+A==",
        "dependencies": {}
      },
      "@nodelib/fs.walk@1.2.8": {
        "integrity": "sha512-oGB+UxlgWcgQkgwo8GcEGwemoTFt3FIO9ababBmaGwXIoBKZ+GTy0pP185beGg7Llih/NSHSV2XAs1lnznocSg==",
        "dependencies": {
          "@nodelib/fs.scandir": "@nodelib/fs.scandir@2.1.5",
          "fastq": "fastq@1.14.0"
        }
      },
      "acorn-node@1.8.2": {
        "integrity": "sha512-8mt+fslDufLYntIoPAaIMUe/lrbrehIiwmR3t2k9LljIzoigEPF27eLk2hy8zSGzmR/ogr7zbRKINMo1u0yh5A==",
        "dependencies": {
          "acorn": "acorn@7.4.1",
          "acorn-walk": "acorn-walk@7.2.0",
          "xtend": "xtend@4.0.2"
        }
      },
      "acorn-walk@7.2.0": {
        "integrity": "sha512-OPdCF6GsMIP+Az+aWfAAOEt2/+iVDKE7oy6lJ098aoe59oAmK76qV6Gw60SbZ8jHuG2wH058GF4pLFbYamYrVA==",
        "dependencies": {}
      },
      "acorn@7.4.1": {
        "integrity": "sha512-nQyp0o1/mNdbTO1PO6kHkwSrmgZ0MT/jCCpNiwbUjGoRN4dlBhqJtoQuCnEOKzgTVwg0ZWiCoQy6SxMebQVh8A==",
        "dependencies": {}
      },
      "anymatch@3.1.3": {
        "integrity": "sha512-KMReFUr0B4t+D+OBkjR3KYqvocp2XaSzO55UcB6mgQMd3KbcE+mWTyvVV7D/zsdEbNnV6acZUutkiHQXvTr1Rw==",
        "dependencies": {
          "normalize-path": "normalize-path@3.0.0",
          "picomatch": "picomatch@2.3.1"
        }
      },
      "arg@5.0.2": {
        "integrity": "sha512-PYjyFOLKQ9y57JvQ6QLo8dAgNqswh8M1RMJYdQduT6xbWSgK36P/Z/v+p888pM69jMMfS8Xd8F6I1kQ/I9HUGg==",
        "dependencies": {}
      },
      "autoprefixer@10.4.13_postcss@8.4.19": {
        "integrity": "sha512-49vKpMqcZYsJjwotvt4+h/BCjJVnhGwcLpDt5xkcaOG3eLrG/HUYLagrihYsQ+qrIBgIzX1Rw7a6L8I/ZA1Atg==",
        "dependencies": {
          "browserslist": "browserslist@4.21.4_browserslist@4.21.4",
          "caniuse-lite": "caniuse-lite@1.0.30001436",
          "fraction.js": "fraction.js@4.2.0",
          "normalize-range": "normalize-range@0.1.2",
          "picocolors": "picocolors@1.0.0",
          "postcss": "postcss@8.4.19",
          "postcss-value-parser": "postcss-value-parser@4.2.0"
        }
      },
      "binary-extensions@2.2.0": {
        "integrity": "sha512-jDctJ/IVQbZoJykoeHbhXpOlNBqGNcwXJKJog42E5HDPUwQTSdjCHdihjj0DlnheQ7blbT6dHOafNAiS8ooQKA==",
        "dependencies": {}
      },
      "braces@3.0.2": {
        "integrity": "sha512-b8um+L1RzM3WDSzvhm6gIz1yfTbBt6YTlcEKAvsmqCZZFw46z626lVj9j1yEPW33H5H+lBQpZMP1k8l+78Ha0A==",
        "dependencies": { "fill-range": "fill-range@7.0.1" }
      },
      "browserslist@4.21.4_browserslist@4.21.4": {
        "integrity": "sha512-CBHJJdDmgjl3daYjN5Cp5kbTf1mUhZoS+beLklHIvkOWscs83YAhLlF3Wsh/lciQYAcbBJgTOD44VtG31ZM4Hw==",
        "dependencies": {
          "caniuse-lite": "caniuse-lite@1.0.30001436",
          "electron-to-chromium": "electron-to-chromium@1.4.284",
          "node-releases": "node-releases@2.0.6",
          "update-browserslist-db": "update-browserslist-db@1.0.10_browserslist@4.21.4__browserslist@4.21.4"
        }
      },
      "camelcase-css@2.0.1": {
        "integrity": "sha512-QOSvevhslijgYwRx6Rv7zKdMF8lbRmx+uQGx2+vDc+KI/eBnsy9kit5aj23AgGu3pa4t9AgwbnXWqS+iOY+2aA==",
        "dependencies": {}
      },
      "caniuse-lite@1.0.30001436": {
        "integrity": "sha512-ZmWkKsnC2ifEPoWUvSAIGyOYwT+keAaaWPHiQ9DfMqS1t6tfuyFYoWR78TeZtznkEQ64+vGXH9cZrElwR2Mrxg==",
        "dependencies": {}
      },
      "chokidar@3.5.3": {
        "integrity": "sha512-Dr3sfKRP6oTcjf2JmUmFJfeVMvXBdegxB0iVQ5eb2V10uFJUCAS8OByZdVAyVb8xXNz3GjjTgj9kLWsZTqE6kw==",
        "dependencies": {
          "anymatch": "anymatch@3.1.3",
          "braces": "braces@3.0.2",
          "fsevents": "fsevents@2.3.2",
          "glob-parent": "glob-parent@5.1.2",
          "is-binary-path": "is-binary-path@2.1.0",
          "is-glob": "is-glob@4.0.3",
          "normalize-path": "normalize-path@3.0.0",
          "readdirp": "readdirp@3.6.0"
        }
      },
      "codemirror-spell-checker@1.1.2": {
        "integrity": "sha512-2Tl6n0v+GJRsC9K3MLCdLaMOmvWL0uukajNJseorZJsslaxZyZMgENocPU8R0DyoTAiKsyqiemSOZo7kjGV0LQ==",
        "dependencies": { "typo-js": "typo-js@1.2.2" }
      },
      "codemirror@6.65.7": {
        "integrity": "sha512-HcfnUFJwI2FvH73YWVbbMh7ObWxZiHIycEhv9ZEXy6e8ZKDjtZKbbYFUtsLN46HFXPvU5V2Uvc2d55Z//oFW5A==",
        "dependencies": {}
      },
      "color-convert@2.0.1": {
        "integrity": "sha512-RRECPsj7iu/xb5oKYcsFHSppFNnsj/52OVTRKb4zP5onXwVF3zVmmToNcOfGC+CRDpfK/U584fMg38ZHCaElKQ==",
        "dependencies": { "color-name": "color-name@1.1.4" }
      },
      "color-name@1.1.4": {
        "integrity": "sha512-dOy+3AuW3a2wNbZHIuMZpTcgjGuLU/uBL/ubcZF9OXbDo8ff4O8yVp5Bf0efS8uEoYo5q4Fx7dY9OgQGXgAsQA==",
        "dependencies": {}
      },
      "color-string@1.9.1": {
        "integrity": "sha512-shrVawQFojnZv6xM40anx4CkoDP+fZsw/ZerEMsW/pyzsRbElpsL/DBVW7q3ExxwusdNXI3lXpuhEZkzs8p5Eg==",
        "dependencies": {
          "color-name": "color-name@1.1.4",
          "simple-swizzle": "simple-swizzle@0.2.2"
        }
      },
      "color@4.2.3": {
        "integrity": "sha512-1rXeuUUiGGrykh+CeBdu5Ie7OJwinCgQY0bc7GCRxy5xVHy+moaqkpL/jqQq0MtQOeYcrqEz4abc5f0KtU7W4A==",
        "dependencies": {
          "color-convert": "color-convert@2.0.1",
          "color-string": "color-string@1.9.1"
        }
      },
      "css-selector-tokenizer@0.8.0": {
        "integrity": "sha512-Jd6Ig3/pe62/qe5SBPTN8h8LeUg/pT4lLgtavPf7updwwHpvFzxvOQBHYj2LZDMjUnBzgvIUSjRcf6oT5HzHFg==",
        "dependencies": {
          "cssesc": "cssesc@3.0.0",
          "fastparse": "fastparse@1.1.2"
        }
      },
      "cssesc@3.0.0": {
        "integrity": "sha512-/Tb/JcjK111nNScGob5MNtsntNM1aCNUDipB/TkwZFhyDrrE47SOx/18wF2bbjgc3ZzCSKW1T5nt5EbFoAz/Vg==",
        "dependencies": {}
      },
      "daisyui@2.42.1_postcss@8.4.19": {
        "integrity": "sha512-IVeEvP8gvOzHR47fMrOp2YocQJMRmYskhdt7OsuhKJNn+YzLRGOpVpY7AGXt/56pYeYy7h03THHXRTW5cVU9rQ==",
        "dependencies": {
          "autoprefixer": "autoprefixer@10.4.13_postcss@8.4.19",
          "color": "color@4.2.3",
          "css-selector-tokenizer": "css-selector-tokenizer@0.8.0",
          "postcss": "postcss@8.4.19",
          "postcss-js": "postcss-js@4.0.0_postcss@8.4.19",
          "tailwindcss": "tailwindcss@3.2.4_postcss@8.4.19"
        }
      },
      "defined@1.0.1": {
        "integrity": "sha512-hsBd2qSVCRE+5PmNdHt1uzyrFu5d3RwmFDKzyNZMFq/EwDNJF7Ee5+D5oEKF0hU6LhtoUF1macFvOe4AskQC1Q==",
        "dependencies": {}
      },
      "detective@5.2.1": {
        "integrity": "sha512-v9XE1zRnz1wRtgurGu0Bs8uHKFSTdteYZNbIPFVhUZ39L/S79ppMpdmVOZAnoz1jfEFodc48n6MX483Xo3t1yw==",
        "dependencies": {
          "acorn-node": "acorn-node@1.8.2",
          "defined": "defined@1.0.1",
          "minimist": "minimist@1.2.7"
        }
      },
      "didyoumean@1.2.2": {
        "integrity": "sha512-gxtyfqMg7GKyhQmb056K7M3xszy/myH8w+B4RT+QXBQsvAOdc3XymqDDPHx1BgPgsdAA5SIifona89YtRATDzw==",
        "dependencies": {}
      },
      "dlv@1.1.3": {
        "integrity": "sha512-+HlytyjlPKnIG8XuRG8WvmBP8xs8P71y+SKKS6ZXWoEgLuePxtDoUEiH7WkdePWrQ5JBpE6aoVqfZfJUQkjXwA==",
        "dependencies": {}
      },
      "electron-to-chromium@1.4.284": {
        "integrity": "sha512-M8WEXFuKXMYMVr45fo8mq0wUrrJHheiKZf6BArTKk9ZBYCKJEOU5H8cdWgDT+qCVZf7Na4lVUaZsA+h6uA9+PA==",
        "dependencies": {}
      },
      "escalade@3.1.1": {
        "integrity": "sha512-k0er2gUkLf8O0zKJiAhmkTnJlTvINGv7ygDNPbeIsX/TJjGJZHuh9B2UxbsaEkmlEo9MfhrSzmhIlhRlI2GXnw==",
        "dependencies": {}
      },
      "fast-glob@3.2.12": {
        "integrity": "sha512-DVj4CQIYYow0BlaelwK1pHl5n5cRSJfM60UA0zK891sVInoPri2Ekj7+e1CT3/3qxXenpI+nBBmQAcJPJgaj4w==",
        "dependencies": {
          "@nodelib/fs.stat": "@nodelib/fs.stat@2.0.5",
          "@nodelib/fs.walk": "@nodelib/fs.walk@1.2.8",
          "glob-parent": "glob-parent@5.1.2",
          "merge2": "merge2@1.4.1",
          "micromatch": "micromatch@4.0.5"
        }
      },
      "fastparse@1.1.2": {
        "integrity": "sha512-483XLLxTVIwWK3QTrMGRqUfUpoOs/0hbQrl2oz4J0pAcm3A3bu84wxTFqGqkJzewCLdME38xJLJAxBABfQT8sQ==",
        "dependencies": {}
      },
      "fastq@1.14.0": {
        "integrity": "sha512-eR2D+V9/ExcbF9ls441yIuN6TI2ED1Y2ZcA5BmMtJsOkWOFRJQ0Jt0g1UwqXJJVAb+V+umH5Dfr8oh4EVP7VVg==",
        "dependencies": { "reusify": "reusify@1.0.4" }
      },
      "fill-range@7.0.1": {
        "integrity": "sha512-qOo9F+dMUmC2Lcb4BbVvnKJxTPjCm+RRpe4gDuGrzkL7mEVl/djYSu2OdQ2Pa302N4oqkSg9ir6jaLWJ2USVpQ==",
        "dependencies": { "to-regex-range": "to-regex-range@5.0.1" }
      },
      "fraction.js@4.2.0": {
        "integrity": "sha512-MhLuK+2gUcnZe8ZHlaaINnQLl0xRIGRfcGk2yl8xoQAfHrSsL3rYu6FCmBdkdbhc9EPlwyGHewaRsvwRMJtAlA==",
        "dependencies": {}
      },
      "fsevents@2.3.2": {
        "integrity": "sha512-xiqMQR4xAeHTuB9uWm+fFRcIOgKBMiOBP+eXiyT7jsgVCq1bkVygt00oASowB7EdtpOHaaPgKt812P9ab+DDKA==",
        "dependencies": {}
      },
      "function-bind@1.1.1": {
        "integrity": "sha512-yIovAzMX49sF8Yl58fSCWJ5svSLuaibPxXQJFLmBObTuCr0Mf1KiPopGM9NiFjiYBCbfaa2Fh6breQ6ANVTI0A==",
        "dependencies": {}
      },
      "glob-parent@5.1.2": {
        "integrity": "sha512-AOIgSQCepiJYwP3ARnGx+5VnTu2HBYdzbGP45eLw1vr3zB3vZLeyed1sC9hnbcOc9/SrMyM5RPQrkGz4aS9Zow==",
        "dependencies": { "is-glob": "is-glob@4.0.3" }
      },
      "glob-parent@6.0.2": {
        "integrity": "sha512-XxwI8EOhVQgWp6iDL+3b0r86f4d6AX6zSU55HfB4ydCEuXLXc5FcYeOu+nnGftS4TEju/11rt4KJPTMgbfmv4A==",
        "dependencies": { "is-glob": "is-glob@4.0.3" }
      },
      "has@1.0.3": {
        "integrity": "sha512-f2dvO0VU6Oej7RkWJGrehjbzMAjFp5/VKPp5tTpWIV4JHHZK1/BxbFRtf/siA2SWTe09caDmVtYYzWEIbBS4zw==",
        "dependencies": { "function-bind": "function-bind@1.1.1" }
      },
      "is-arrayish@0.3.2": {
        "integrity": "sha512-eVRqCvVlZbuw3GrM63ovNSNAeA1K16kaR/LRY/92w0zxQ5/1YzwblUX652i4Xs9RwAGjW9d9y6X88t8OaAJfWQ==",
        "dependencies": {}
      },
      "is-binary-path@2.1.0": {
        "integrity": "sha512-ZMERYes6pDydyuGidse7OsHxtbI7WVeUEozgR/g7rd0xUimYNlvZRE/K2MgZTjWy725IfelLeVcEM97mmtRGXw==",
        "dependencies": { "binary-extensions": "binary-extensions@2.2.0" }
      },
      "is-core-module@2.11.0": {
        "integrity": "sha512-RRjxlvLDkD1YJwDbroBHMb+cukurkDWNyHx7D3oNB5x9rb5ogcksMC5wHCadcXoo67gVr/+3GFySh3134zi6rw==",
        "dependencies": { "has": "has@1.0.3" }
      },
      "is-extglob@2.1.1": {
        "integrity": "sha512-SbKbANkN603Vi4jEZv49LeVJMn4yGwsbzZworEoyEiutsN3nJYdbO36zfhGJ6QEDpOZIFkDtnq5JRxmvl3jsoQ==",
        "dependencies": {}
      },
      "is-glob@4.0.3": {
        "integrity": "sha512-xelSayHH36ZgE7ZWhli7pW34hNbNl8Ojv5KVmkJD4hBdD3th8Tfk9vYasLM+mXWOZhFkgZfxhLSnrwRr4elSSg==",
        "dependencies": { "is-extglob": "is-extglob@2.1.1" }
      },
      "is-number@7.0.0": {
        "integrity": "sha512-41Cifkg6e8TylSpdtTpeLVMqvSBEVzTttHvERD741+pnZ8ANv0004MRL43QKPDlK9cGvNp6NZWZUBlbGXYxxng==",
        "dependencies": {}
      },
      "lilconfig@2.0.6": {
        "integrity": "sha512-9JROoBW7pobfsx+Sq2JsASvCo6Pfo6WWoUW79HuB1BCoBXD4PLWJPqDF6fNj67pqBYTbAHkE57M1kS/+L1neOg==",
        "dependencies": {}
      },
      "marked@4.2.4": {
        "integrity": "sha512-Wcc9ikX7Q5E4BYDPvh1C6QNSxrjC9tBgz+A/vAhp59KXUgachw++uMvMKiSW8oA85nopmPZcEvBoex/YLMsiyA==",
        "dependencies": {}
      },
      "merge2@1.4.1": {
        "integrity": "sha512-8q7VEgMJW4J8tcfVPy8g09NcQwZdbwFEqhe/WZkoIzjn/3TGDwtOCYtXGxA3O8tPzpczCCDgv+P2P5y00ZJOOg==",
        "dependencies": {}
      },
      "micromatch@4.0.5": {
        "integrity": "sha512-DMy+ERcEW2q8Z2Po+WNXuw3c5YaUSFjAO5GsJqfEl7UjvtIuFKO6ZrKvcItdy98dwFI2N1tg3zNIdKaQT+aNdA==",
        "dependencies": {
          "braces": "braces@3.0.2",
          "picomatch": "picomatch@2.3.1"
        }
      },
      "minimist@1.2.7": {
        "integrity": "sha512-bzfL1YUZsP41gmu/qjrEk0Q6i2ix/cVeAhbCbqH9u3zYutS1cLg00qhrD0M2MVdCcx4Sc0UpP2eBWo9rotpq6g==",
        "dependencies": {}
      },
      "nanoid@3.3.4": {
        "integrity": "sha512-MqBkQh/OHTS2egovRtLk45wEyNXwF+cokD+1YPf9u5VfJiRdAiRwB2froX5Co9Rh20xs4siNPm8naNotSD6RBw==",
        "dependencies": {}
      },
      "node-releases@2.0.6": {
        "integrity": "sha512-PiVXnNuFm5+iYkLBNeq5211hvO38y63T0i2KKh2KnUs3RpzJ+JtODFjkD8yjLwnDkTYF1eKXheUwdssR+NRZdg==",
        "dependencies": {}
      },
      "normalize-path@3.0.0": {
        "integrity": "sha512-6eZs5Ls3WtCisHWp9S2GUy8dqkpGi4BVSz3GaqiE6ezub0512ESztXUwUB6C6IKbQkY2Pnb/mD4WYojCRwcwLA==",
        "dependencies": {}
      },
      "normalize-range@0.1.2": {
        "integrity": "sha512-bdok/XvKII3nUpklnV6P2hxtMNrCboOjAcyBuQnWEhO665FwrSNRxU+AqpsyvO6LgGYPspN+lu5CLtw4jPRKNA==",
        "dependencies": {}
      },
      "object-hash@3.0.0": {
        "integrity": "sha512-RSn9F68PjH9HqtltsSnqYC1XXoWe9Bju5+213R98cNGttag9q9yAOTzdbsqvIa7aNm5WffBZFpWYr2aWrklWAw==",
        "dependencies": {}
      },
      "path-parse@1.0.7": {
        "integrity": "sha512-LDJzPVEEEPR+y48z93A0Ed0yXb8pAByGWo/k5YYdYgpY2/2EsOsksJrq7lOHxryrVOn1ejG6oAp8ahvOIQD8sw==",
        "dependencies": {}
      },
      "picocolors@1.0.0": {
        "integrity": "sha512-1fygroTLlHu66zi26VoTDv8yRgm0Fccecssto+MhsZ0D/DGW2sm8E8AjW7NU5VVTRt5GxbeZ5qBuJr+HyLYkjQ==",
        "dependencies": {}
      },
      "picomatch@2.3.1": {
        "integrity": "sha512-JU3teHTNjmE2VCGFzuY8EXzCDVwEqB2a8fsIvwaStHhAWJEeVd1o1QD80CU6+ZdEXXSLbSsuLwJjkCBWqRQUVA==",
        "dependencies": {}
      },
      "pify@2.3.0": {
        "integrity": "sha512-udgsAY+fTnvv7kI7aaxbqwWNb0AHiB0qBO89PZKPkoTmGOgdbrHDKD+0B2X4uTfJ/FT1R09r9gTsjUjNJotuog==",
        "dependencies": {}
      },
      "postcss-import@14.1.0_postcss@8.4.19": {
        "integrity": "sha512-flwI+Vgm4SElObFVPpTIT7SU7R3qk2L7PyduMcokiaVKuWv9d/U+Gm/QAd8NDLuykTWTkcrjOeD2Pp1rMeBTGw==",
        "dependencies": {
          "postcss": "postcss@8.4.19",
          "postcss-value-parser": "postcss-value-parser@4.2.0",
          "read-cache": "read-cache@1.0.0",
          "resolve": "resolve@1.22.1"
        }
      },
      "postcss-js@4.0.0_postcss@8.4.19": {
        "integrity": "sha512-77QESFBwgX4irogGVPgQ5s07vLvFqWr228qZY+w6lW599cRlK/HmnlivnnVUxkjHnCu4J16PDMHcH+e+2HbvTQ==",
        "dependencies": {
          "camelcase-css": "camelcase-css@2.0.1",
          "postcss": "postcss@8.4.19"
        }
      },
      "postcss-load-config@3.1.4_postcss@8.4.19": {
        "integrity": "sha512-6DiM4E7v4coTE4uzA8U//WhtPwyhiim3eyjEMFCnUpzbrkK9wJHgKDT2mR+HbtSrd/NubVaYTOpSpjUl8NQeRg==",
        "dependencies": {
          "lilconfig": "lilconfig@2.0.6",
          "postcss": "postcss@8.4.19",
          "yaml": "yaml@1.10.2"
        }
      },
      "postcss-nested@6.0.0_postcss@8.4.19": {
        "integrity": "sha512-0DkamqrPcmkBDsLn+vQDIrtkSbNkv5AD/M322ySo9kqFkCIYklym2xEmWkwo+Y3/qZo34tzEPNUw4y7yMCdv5w==",
        "dependencies": {
          "postcss": "postcss@8.4.19",
          "postcss-selector-parser": "postcss-selector-parser@6.0.11"
        }
      },
      "postcss-selector-parser@6.0.11": {
        "integrity": "sha512-zbARubNdogI9j7WY4nQJBiNqQf3sLS3wCP4WfOidu+p28LofJqDH1tcXypGrcmMHhDk2t9wGhCsYe/+szLTy1g==",
        "dependencies": {
          "cssesc": "cssesc@3.0.0",
          "util-deprecate": "util-deprecate@1.0.2"
        }
      },
      "postcss-value-parser@4.2.0": {
        "integrity": "sha512-1NNCs6uurfkVbeXG4S8JFT9t19m45ICnif8zWLd5oPSZ50QnwMfK+H3jv408d4jw/7Bttv5axS5IiHoLaVNHeQ==",
        "dependencies": {}
      },
      "postcss@8.4.19": {
        "integrity": "sha512-h+pbPsyhlYj6N2ozBmHhHrs9DzGmbaarbLvWipMRO7RLS+v4onj26MPFXA5OBYFxyqYhUJK456SwDcY9H2/zsA==",
        "dependencies": {
          "nanoid": "nanoid@3.3.4",
          "picocolors": "picocolors@1.0.0",
          "source-map-js": "source-map-js@1.0.2"
        }
      },
      "queue-microtask@1.2.3": {
        "integrity": "sha512-NuaNSa6flKT5JaSYQzJok04JzTL1CA6aGhv5rfLW3PgqA+M2ChpZQnAC8h8i4ZFkBS8X5RqkDBHA7r4hej3K9A==",
        "dependencies": {}
      },
      "quick-lru@5.1.1": {
        "integrity": "sha512-WuyALRjWPDGtt/wzJiadO5AXY+8hZ80hVpe6MyivgraREW751X3SbhRvG3eLKOYN+8VEvqLcf3wdnt44Z4S4SA==",
        "dependencies": {}
      },
      "read-cache@1.0.0": {
        "integrity": "sha512-Owdv/Ft7IjOgm/i0xvNDZ1LrRANRfew4b2prF3OWMQLxLfu3bS8FVhCsrSCMK4lR56Y9ya+AThoTpDCTxCmpRA==",
        "dependencies": { "pify": "pify@2.3.0" }
      },
      "readdirp@3.6.0": {
        "integrity": "sha512-hOS089on8RduqdbhvQ5Z37A0ESjsqz6qnRcffsMU3495FuTdqSm+7bhJ29JvIOsBDEEnan5DPu9t3To9VRlMzA==",
        "dependencies": { "picomatch": "picomatch@2.3.1" }
      },
      "resolve@1.22.1": {
        "integrity": "sha512-nBpuuYuY5jFsli/JIs1oldw6fOQCBioohqWZg/2hiaOybXOft4lonv85uDOKXdf8rhyK159cxU5cDcK/NKk8zw==",
        "dependencies": {
          "is-core-module": "is-core-module@2.11.0",
          "path-parse": "path-parse@1.0.7",
          "supports-preserve-symlinks-flag": "supports-preserve-symlinks-flag@1.0.0"
        }
      },
      "reusify@1.0.4": {
        "integrity": "sha512-U9nH88a3fc/ekCF1l0/UP1IosiuIjyTh7hBvXVMHYgVcfGvt897Xguj2UOLDeI5BG2m7/uwyaLVT6fbtCwTyzw==",
        "dependencies": {}
      },
      "run-parallel@1.2.0": {
        "integrity": "sha512-5l4VyZR86LZ/lDxZTR6jqL8AFE2S0IFLMP26AbjsLVADxHdhB/c0GUsH+y39UfCi3dzz8OlQuPmnaJOMoDHQBA==",
        "dependencies": { "queue-microtask": "queue-microtask@1.2.3" }
      },
      "simple-swizzle@0.2.2": {
        "integrity": "sha512-JA//kQgZtbuY83m+xT+tXJkmJncGMTFT+C+g2h2R9uxkYIrE2yy9sgmcLhCnw57/WSD+Eh3J97FPEDFnbXnDUg==",
        "dependencies": { "is-arrayish": "is-arrayish@0.3.2" }
      },
      "simplemde@1.11.2": {
        "integrity": "sha512-AUXuHJ/tEEDEcN/MTitHIw3AuBcheizJt7SVwtyn00B0UK5RKZ3GB+JndmRcJ5wfYGCIL0O2yJm/uz0sJOFSLg==",
        "dependencies": {
          "codemirror": "codemirror@6.65.7",
          "codemirror-spell-checker": "codemirror-spell-checker@1.1.2",
          "marked": "marked@4.2.4"
        }
      },
      "source-map-js@1.0.2": {
        "integrity": "sha512-R0XvVJ9WusLiqTCEiGCmICCMplcCkIwwR11mOSD9CR5u+IXYdiseeEuXCVAjS54zqwkLcPNnmU4OeJ6tUrWhDw==",
        "dependencies": {}
      },
      "supports-preserve-symlinks-flag@1.0.0": {
        "integrity": "sha512-ot0WnXS9fgdkgIcePe6RHNk1WA8+muPa6cSjeR3V8K27q9BB1rTE3R1p7Hv0z1ZyAc8s6Vvv8DIyWf681MAt0w==",
        "dependencies": {}
      },
      "tailwindcss@3.2.4_postcss@8.4.19": {
        "integrity": "sha512-AhwtHCKMtR71JgeYDaswmZXhPcW9iuI9Sp2LvZPo9upDZ7231ZJ7eA9RaURbhpXGVlrjX4cFNlB4ieTetEb7hQ==",
        "dependencies": {
          "arg": "arg@5.0.2",
          "chokidar": "chokidar@3.5.3",
          "color-name": "color-name@1.1.4",
          "detective": "detective@5.2.1",
          "didyoumean": "didyoumean@1.2.2",
          "dlv": "dlv@1.1.3",
          "fast-glob": "fast-glob@3.2.12",
          "glob-parent": "glob-parent@6.0.2",
          "is-glob": "is-glob@4.0.3",
          "lilconfig": "lilconfig@2.0.6",
          "micromatch": "micromatch@4.0.5",
          "normalize-path": "normalize-path@3.0.0",
          "object-hash": "object-hash@3.0.0",
          "picocolors": "picocolors@1.0.0",
          "postcss": "postcss@8.4.19",
          "postcss-import": "postcss-import@14.1.0_postcss@8.4.19",
          "postcss-js": "postcss-js@4.0.0_postcss@8.4.19",
          "postcss-load-config": "postcss-load-config@3.1.4_postcss@8.4.19",
          "postcss-nested": "postcss-nested@6.0.0_postcss@8.4.19",
          "postcss-selector-parser": "postcss-selector-parser@6.0.11",
          "postcss-value-parser": "postcss-value-parser@4.2.0",
          "quick-lru": "quick-lru@5.1.1",
          "resolve": "resolve@1.22.1"
        }
      },
      "to-regex-range@5.0.1": {
        "integrity": "sha512-65P7iz6X5yEr1cwcgvQxbbIw7Uk3gOy5dIdtZ4rDveLqhrdJP+Li/Hx6tyK0NEb+2GCyneCMJiGqrADCSNk8sQ==",
        "dependencies": { "is-number": "is-number@7.0.0" }
      },
      "typo-js@1.2.2": {
        "integrity": "sha512-C7pYBQK17EjSg8tVNY91KHdUt5Nf6FMJ+c3js076quPmBML57PmNMzAcIq/2kf/hSYtFABNDIYNYlJRl5BJhGw==",
        "dependencies": {}
      },
      "update-browserslist-db@1.0.10_browserslist@4.21.4__browserslist@4.21.4": {
        "integrity": "sha512-OztqDenkfFkbSG+tRxBeAnCVPckDBcvibKd35yDONx6OU8N7sqgwc7rCbkJ/WcYtVRZ4ba68d6byhC21GFh7sQ==",
        "dependencies": {
          "browserslist": "browserslist@4.21.4_browserslist@4.21.4",
          "escalade": "escalade@3.1.1",
          "picocolors": "picocolors@1.0.0"
        }
      },
      "util-deprecate@1.0.2": {
        "integrity": "sha512-EPD5q1uXyFxJpCrLnCc1nHnq3gOa6DZBocAIiI2TaSCA7VCJ1UJDMagCzIkXNsUYfD1daK//LTEQ8xiIbrHtcw==",
        "dependencies": {}
      },
      "xtend@4.0.2": {
        "integrity": "sha512-LKYU1iAXJXUgAXn9URjiu+MWhyUXHsvfp7mcuYm9dSUKK0/CjtrUwFAxD82/mCWbtLsGjFIad0wIsod4zrTAEQ==",
        "dependencies": {}
      },
      "yaml@1.10.2": {
        "integrity": "sha512-r3vXyErRCYJ7wg28yvBY5VSoAF8ZvlcW9/BwUzEtUsjvX/DKs24dIkuwjtuprwJJHsbyUbLApepYTR1BN4uHrg==",
        "dependencies": {}
      }
    }
  }
}
